
Microsoft Visual Studio Solution File, Format Version 12.00
# Visual Studio Version 16
VisualStudioVersion = 16.0.32901.82
MinimumVisualStudioVersion = 10.0.40219.1
Project("{8BC9CEB8-8B4A-11D0-8D11-00A0C91BC942}") = "Лаборторная №2", "Лаборторная №2\Лаборторная №2.vcxproj", "{3A446FF6-F8A9-47BE-99F0-972DF7D98287}"
EndProject
Global
	GlobalSection(SolutionConfigurationPlatforms) = preSolution
		Debug|x64 = Debug|x64
		Debug|x86 = Debug|x86
		Release|x64 = Release|x64
		Release|x86 = Release|x86
	EndGlobalSection
	GlobalSection(ProjectConfigurationPlatforms) = postSolution
		{3A446FF6-F8A9-47BE-99F0-972DF7D98287}.Debug|x64.ActiveCfg = Debug|x64
		{3A446FF6-F8A9-47BE-99F0-972DF7D98287}.Debug|x64.Build.0 = Debug|x64
		{3A446FF6-F8A9-47BE-99F0-972DF7D98287}.Debug|x86.ActiveCfg = Debug|Win32
		{3A446FF6-F8A9-47BE-99F0-972DF7D98287}.Debug|x86.Build.0 = Debug|Win32
		{3A446FF6-F8A9-47BE-99F0-972DF7D98287}.Release|x64.ActiveCfg = Release|x64
		{3A446FF6-F8A9-47BE-99F0-972DF7D98287}.Release|x64.Build.0 = Release|x64
		{3A446FF6-F8A9-47BE-99F0-972DF7D98287}.Release|x86.ActiveCfg = Release|Win32
		{3A446FF6-F8A9-47BE-99F0-972DF7D98287}.Release|x86.Build.0 = Release|Win32
	EndGlobalSection
	GlobalSection(SolutionProperties) = preSolution
		HideSolutionNode = FALSE
	EndGlobalSection
	GlobalSection(ExtensibilityGlobals) = postSolution
		SolutionGuid = {E6BB81AA-E19C-4CB7-ABCE-3496ACF2E3DF}
	EndGlobalSection
EndGlobal
